
Microsoft Visual Studio Solution File, Format Version 12.00
# Visual Studio Version 16
VisualStudioVersion = 16.0.31624.102
MinimumVisualStudioVersion = 10.0.40219.1
Project("{FAE04EC0-301F-11D3-BF4B-00C04F79EFBC}") = "API", "API.csproj", "{B054B768-F42B-4196-85D4-FB6B09CFA30C}"
EndProject
Project("{FAE04EC0-301F-11D3-BF4B-00C04F79EFBC}") = "Web", "..\FrontEnd\Web.csproj", "{22E45FC5-B486-4F95-B94F-7F4EB21000C6}"
EndProject
Project("{FAE04EC0-301F-11D3-BF4B-00C04F79EFBC}") = "Data", "..\Data\Data.csproj", "{4D716A4B-4B5A-4240-B1AA-3D2DA9572C92}"
	ProjectSection(ProjectDependencies) = postProject
		{261AD84E-8BBF-4D16-941A-080A18F8B905} = {261AD84E-8BBF-4D16-941A-080A18F8B905}
	EndProjectSection
EndProject
Project("{FAE04EC0-301F-11D3-BF4B-00C04F79EFBC}") = "Domain", "..\Domain\Domain.csproj", "{9FABCC6F-512B-446B-A09F-C920035F8A30}"
EndProject
Project("{FAE04EC0-301F-11D3-BF4B-00C04F79EFBC}") = "Models", "..\Models\Models.csproj", "{261AD84E-8BBF-4D16-941A-080A18F8B905}"
EndProject
Project("{FAE04EC0-301F-11D3-BF4B-00C04F79EFBC}") = "Services", "..\Services\Services.csproj", "{9E4B6E37-97BD-4027-A25D-488E66DFCC34}"
EndProject
Global
	GlobalSection(SolutionConfigurationPlatforms) = preSolution
		Debug|Any CPU = Debug|Any CPU
		Release|Any CPU = Release|Any CPU
	EndGlobalSection
	GlobalSection(ProjectConfigurationPlatforms) = postSolution
		{B054B768-F42B-4196-85D4-FB6B09CFA30C}.Debug|Any CPU.ActiveCfg = Debug|Any CPU
		{B054B768-F42B-4196-85D4-FB6B09CFA30C}.Debug|Any CPU.Build.0 = Debug|Any CPU
		{B054B768-F42B-4196-85D4-FB6B09CFA30C}.Release|Any CPU.ActiveCfg = Release|Any CPU
		{B054B768-F42B-4196-85D4-FB6B09CFA30C}.Release|Any CPU.Build.0 = Release|Any CPU
		{22E45FC5-B486-4F95-B94F-7F4EB21000C6}.Debug|Any CPU.ActiveCfg = Debug|Any CPU
		{22E45FC5-B486-4F95-B94F-7F4EB21000C6}.Debug|Any CPU.Build.0 = Debug|Any CPU
		{22E45FC5-B486-4F95-B94F-7F4EB21000C6}.Release|Any CPU.ActiveCfg = Release|Any CPU
		{22E45FC5-B486-4F95-B94F-7F4EB21000C6}.Release|Any CPU.Build.0 = Release|Any CPU
		{4D716A4B-4B5A-4240-B1AA-3D2DA9572C92}.Debug|Any CPU.ActiveCfg = Debug|Any CPU
		{4D716A4B-4B5A-4240-B1AA-3D2DA9572C92}.Debug|Any CPU.Build.0 = Debug|Any CPU
		{4D716A4B-4B5A-4240-B1AA-3D2DA9572C92}.Release|Any CPU.ActiveCfg = Release|Any CPU
		{4D716A4B-4B5A-4240-B1AA-3D2DA9572C92}.Release|Any CPU.Build.0 = Release|Any CPU
		{9FABCC6F-512B-446B-A09F-C920035F8A30}.Debug|Any CPU.ActiveCfg = Debug|Any CPU
		{9FABCC6F-512B-446B-A09F-C920035F8A30}.Debug|Any CPU.Build.0 = Debug|Any CPU
		{9FABCC6F-512B-446B-A09F-C920035F8A30}.Release|Any CPU.ActiveCfg = Release|Any CPU
		{9FABCC6F-512B-446B-A09F-C920035F8A30}.Release|Any CPU.Build.0 = Release|Any CPU
		{261AD84E-8BBF-4D16-941A-080A18F8B905}.Debug|Any CPU.ActiveCfg = Debug|Any CPU
		{261AD84E-8BBF-4D16-941A-080A18F8B905}.Debug|Any CPU.Build.0 = Debug|Any CPU
		{261AD84E-8BBF-4D16-941A-080A18F8B905}.Release|Any CPU.ActiveCfg = Release|Any CPU
		{261AD84E-8BBF-4D16-941A-080A18F8B905}.Release|Any CPU.Build.0 = Release|Any CPU
		{9E4B6E37-97BD-4027-A25D-488E66DFCC34}.Debug|Any CPU.ActiveCfg = Debug|Any CPU
		{9E4B6E37-97BD-4027-A25D-488E66DFCC34}.Debug|Any CPU.Build.0 = Debug|Any CPU
		{9E4B6E37-97BD-4027-A25D-488E66DFCC34}.Release|Any CPU.ActiveCfg = Release|Any CPU
		{9E4B6E37-97BD-4027-A25D-488E66DFCC34}.Release|Any CPU.Build.0 = Release|Any CPU
	EndGlobalSection
	GlobalSection(SolutionProperties) = preSolution
		HideSolutionNode = FALSE
	EndGlobalSection
	GlobalSection(ExtensibilityGlobals) = postSolution
		SolutionGuid = {BB34A4F4-F0BB-46F2-844F-93275FB44910}
	EndGlobalSection
EndGlobal
